
Microsoft Visual Studio Solution File, Format Version 12.00
# Visual Studio 15
VisualStudioVersion = 15.0.27703.2026
MinimumVisualStudioVersion = 10.0.40219.1
Project("{8BC9CEB8-8B4A-11D0-8D11-00A0C91BC942}") = "Project1", "Project1\Project1.vcxproj", "{7E265ED1-812C-4931-81EA-96CF5628079D}"
EndProject
Project("{8BC9CEB8-8B4A-11D0-8D11-00A0C91BC942}") = "hook", "hook\hook.vcxproj", "{22F203FD-28DC-4E6D-87B7-D8D4556D7387}"
EndProject
Project("{8BC9CEB8-8B4A-11D0-8D11-00A0C91BC942}") = "DllHook", "DllHook\DllHook.vcxproj", "{F25ECB58-7912-47E4-861A-BBE6A8A5C79B}"
EndProject
Global
	GlobalSection(SolutionConfigurationPlatforms) = preSolution
		Debug|x64 = Debug|x64
		Debug|x86 = Debug|x86
		Release|x64 = Release|x64
		Release|x86 = Release|x86
	EndGlobalSection
	GlobalSection(ProjectConfigurationPlatforms) = postSolution
		{7E265ED1-812C-4931-81EA-96CF5628079D}.Debug|x64.ActiveCfg = Debug|x64
		{7E265ED1-812C-4931-81EA-96CF5628079D}.Debug|x64.Build.0 = Debug|x64
		{7E265ED1-812C-4931-81EA-96CF5628079D}.Debug|x86.ActiveCfg = Debug|Win32
		{7E265ED1-812C-4931-81EA-96CF5628079D}.Debug|x86.Build.0 = Debug|Win32
		{7E265ED1-812C-4931-81EA-96CF5628079D}.Release|x64.ActiveCfg = Release|x64
		{7E265ED1-812C-4931-81EA-96CF5628079D}.Release|x64.Build.0 = Release|x64
		{7E265ED1-812C-4931-81EA-96CF5628079D}.Release|x86.ActiveCfg = Release|Win32
		{7E265ED1-812C-4931-81EA-96CF5628079D}.Release|x86.Build.0 = Release|Win32
		{22F203FD-28DC-4E6D-87B7-D8D4556D7387}.Debug|x64.ActiveCfg = Debug|x64
		{22F203FD-28DC-4E6D-87B7-D8D4556D7387}.Debug|x64.Build.0 = Debug|x64
		{22F203FD-28DC-4E6D-87B7-D8D4556D7387}.Debug|x86.ActiveCfg = Debug|Win32
		{22F203FD-28DC-4E6D-87B7-D8D4556D7387}.Debug|x86.Build.0 = Debug|Win32
		{22F203FD-28DC-4E6D-87B7-D8D4556D7387}.Release|x64.ActiveCfg = Release|x64
		{22F203FD-28DC-4E6D-87B7-D8D4556D7387}.Release|x64.Build.0 = Release|x64
		{22F203FD-28DC-4E6D-87B7-D8D4556D7387}.Release|x86.ActiveCfg = Release|Win32
		{22F203FD-28DC-4E6D-87B7-D8D4556D7387}.Release|x86.Build.0 = Release|Win32
		{F25ECB58-7912-47E4-861A-BBE6A8A5C79B}.Debug|x64.ActiveCfg = Debug|x64
		{F25ECB58-7912-47E4-861A-BBE6A8A5C79B}.Debug|x64.Build.0 = Debug|x64
		{F25ECB58-7912-47E4-861A-BBE6A8A5C79B}.Debug|x86.ActiveCfg = Debug|Win32
		{F25ECB58-7912-47E4-861A-BBE6A8A5C79B}.Debug|x86.Build.0 = Debug|Win32
		{F25ECB58-7912-47E4-861A-BBE6A8A5C79B}.Release|x64.ActiveCfg = Release|x64
		{F25ECB58-7912-47E4-861A-BBE6A8A5C79B}.Release|x64.Build.0 = Release|x64
		{F25ECB58-7912-47E4-861A-BBE6A8A5C79B}.Release|x86.ActiveCfg = Release|Win32
		{F25ECB58-7912-47E4-861A-BBE6A8A5C79B}.Release|x86.Build.0 = Release|Win32
	EndGlobalSection
	GlobalSection(SolutionProperties) = preSolution
		HideSolutionNode = FALSE
	EndGlobalSection
	GlobalSection(ExtensibilityGlobals) = postSolution
		SolutionGuid = {7CB24B87-E400-4F06-99C2-4026DE47BDB2}
	EndGlobalSection
EndGlobal
